{
  "pins" : [
    {
      "identity" : "swiftui-visual-effects",
      "kind" : "remoteSourceControl",
      "location" : "https://github.com/lucasbrown/swiftui-visual-effects.git",
      "state" : {
        "branch" : "master",
        "revision" : "b26f8cebd55ff60ed8953768aa818dfb005b5838"
      }
    },
    {
      "identity" : "wrappinghstack",
      "kind" : "remoteSourceControl",
      "location" : "https://github.com/dkk/WrappingHStack",
      "state" : {
        "revision" : "f31b8fdc57759c5aa5fc98c70746db5556e73300",
        "version" : "2.2.10"
      }
    }
  ],
  "version" : 2
}
