{
  "pins" : [
    {
      "identity" : "swiftui-visual-effects",
      "kind" : "remoteSourceControl",
      "location" : "https://github.com/lucasbrown/swiftui-visual-effects.git",
      "state" : {
        "branch" : "master",
        "revision" : "b26f8cebd55ff60ed8953768aa818dfb005b5838"
      }
    },
    {
      "identity" : "variablur",
      "kind" : "remoteSourceControl",
      "location" : "https://github.com/daprice/Variablur",
      "state" : {
        "branch" : "main",
        "revision" : "29fdd8c5e2721c1706b0ed8008d516f8d8d75879"
      }
    },
    {
      "identity" : "wrappinghstack",
      "kind" : "remoteSourceControl",
      "location" : "https://github.com/dkk/WrappingHStack",
      "state" : {
        "revision" : "f31b8fdc57759c5aa5fc98c70746db5556e73300",
        "version" : "2.2.10"
      }
    }
  ],
  "version" : 2
}
